
Microsoft Visual Studio Solution File, Format Version 12.00
# Visual Studio Version 16
VisualStudioVersion = 16.0.31605.320
MinimumVisualStudioVersion = 10.0.40219.1
Project("{FAE04EC0-301F-11D3-BF4B-00C04F79EFBC}") = "BakeryApp Prototype", "BakeryApp Prototype\BakeryApp Prototype.csproj", "{451A98BC-2658-4316-B98D-B56C1857B4BA}"
EndProject
Global
	GlobalSection(SolutionConfigurationPlatforms) = preSolution
		Debug|Any CPU = Debug|Any CPU
		Release|Any CPU = Release|Any CPU
	EndGlobalSection
	GlobalSection(ProjectConfigurationPlatforms) = postSolution
		{451A98BC-2658-4316-B98D-B56C1857B4BA}.Debug|Any CPU.ActiveCfg = Debug|Any CPU
		{451A98BC-2658-4316-B98D-B56C1857B4BA}.Debug|Any CPU.Build.0 = Debug|Any CPU
		{451A98BC-2658-4316-B98D-B56C1857B4BA}.Release|Any CPU.ActiveCfg = Release|Any CPU
		{451A98BC-2658-4316-B98D-B56C1857B4BA}.Release|Any CPU.Build.0 = Release|Any CPU
	EndGlobalSection
	GlobalSection(SolutionProperties) = preSolution
		HideSolutionNode = FALSE
	EndGlobalSection
	GlobalSection(ExtensibilityGlobals) = postSolution
		SolutionGuid = {8A3D77F1-666E-429F-ABA1-D703A082EE00}
	EndGlobalSection
EndGlobal
